
Microsoft Visual Studio Solution File, Format Version 12.00
# Visual Studio Version 17
VisualStudioVersion = 17.14.36310.24
MinimumVisualStudioVersion = 10.0.40219.1
Project("{FAE04EC0-301F-11D3-BF4B-00C04F79EFBC}") = "TFI_Backend", "TFI_Backend\TFI_Backend.csproj", "{652DB9F2-4080-4574-8F98-210F016A5487}"
EndProject
Project("{FAE04EC0-301F-11D3-BF4B-00C04F79EFBC}") = "TFI_Backend.Core", "TFI_Backend.Core\TFI_Backend.Core.csproj", "{9A39712B-0131-4734-96D7-CCD83C5643B2}"
EndProject
Project("{FAE04EC0-301F-11D3-BF4B-00C04F79EFBC}") = "TFI_Backend.Infrastructure", "TFI_Backend.Infrastructure\TFI_Backend.Infrastructure.csproj", "{60FB7130-B7F4-4BD4-9B7D-A5ECD5772A2F}"
EndProject
Project("{FAE04EC0-301F-11D3-BF4B-00C04F79EFBC}") = "TFI_Backend.Application", "TFI_Backend.Application\TFI_Backend.Application.csproj", "{9EE126A0-D92A-40CE-9174-DE491D60394F}"
EndProject
Global
	GlobalSection(SolutionConfigurationPlatforms) = preSolution
		Debug|Any CPU = Debug|Any CPU
		Release|Any CPU = Release|Any CPU
	EndGlobalSection
	GlobalSection(ProjectConfigurationPlatforms) = postSolution
		{652DB9F2-4080-4574-8F98-210F016A5487}.Debug|Any CPU.ActiveCfg = Debug|Any CPU
		{652DB9F2-4080-4574-8F98-210F016A5487}.Debug|Any CPU.Build.0 = Debug|Any CPU
		{652DB9F2-4080-4574-8F98-210F016A5487}.Release|Any CPU.ActiveCfg = Release|Any CPU
		{652DB9F2-4080-4574-8F98-210F016A5487}.Release|Any CPU.Build.0 = Release|Any CPU
		{9A39712B-0131-4734-96D7-CCD83C5643B2}.Debug|Any CPU.ActiveCfg = Debug|Any CPU
		{9A39712B-0131-4734-96D7-CCD83C5643B2}.Debug|Any CPU.Build.0 = Debug|Any CPU
		{9A39712B-0131-4734-96D7-CCD83C5643B2}.Release|Any CPU.ActiveCfg = Release|Any CPU
		{9A39712B-0131-4734-96D7-CCD83C5643B2}.Release|Any CPU.Build.0 = Release|Any CPU
		{60FB7130-B7F4-4BD4-9B7D-A5ECD5772A2F}.Debug|Any CPU.ActiveCfg = Debug|Any CPU
		{60FB7130-B7F4-4BD4-9B7D-A5ECD5772A2F}.Debug|Any CPU.Build.0 = Debug|Any CPU
		{60FB7130-B7F4-4BD4-9B7D-A5ECD5772A2F}.Release|Any CPU.ActiveCfg = Release|Any CPU
		{60FB7130-B7F4-4BD4-9B7D-A5ECD5772A2F}.Release|Any CPU.Build.0 = Release|Any CPU
		{9EE126A0-D92A-40CE-9174-DE491D60394F}.Debug|Any CPU.ActiveCfg = Debug|Any CPU
		{9EE126A0-D92A-40CE-9174-DE491D60394F}.Debug|Any CPU.Build.0 = Debug|Any CPU
		{9EE126A0-D92A-40CE-9174-DE491D60394F}.Release|Any CPU.ActiveCfg = Release|Any CPU
		{9EE126A0-D92A-40CE-9174-DE491D60394F}.Release|Any CPU.Build.0 = Release|Any CPU
	EndGlobalSection
	GlobalSection(SolutionProperties) = preSolution
		HideSolutionNode = FALSE
	EndGlobalSection
	GlobalSection(ExtensibilityGlobals) = postSolution
		SolutionGuid = {710ECBFA-51A1-41E0-A8DD-786C517CDB32}
	EndGlobalSection
EndGlobal
